
Microsoft Visual Studio Solution File, Format Version 12.00
# Visual Studio Version 17
VisualStudioVersion = 17.9.34902.65
MinimumVisualStudioVersion = 10.0.40219.1
Project("{9A19103F-16F7-4668-BE54-9A1E7A4F7556}") = "Demo", "Demo\Demo.csproj", "{2B6FAECE-C341-4A87-9082-A0E2BE383AB6}"
EndProject
Global
	GlobalSection(SolutionConfigurationPlatforms) = preSolution
		Debug|Any CPU = Debug|Any CPU
		Release|Any CPU = Release|Any CPU
	EndGlobalSection
	GlobalSection(ProjectConfigurationPlatforms) = postSolution
		{2B6FAECE-C341-4A87-9082-A0E2BE383AB6}.Debug|Any CPU.ActiveCfg = Debug|Any CPU
		{2B6FAECE-C341-4A87-9082-A0E2BE383AB6}.Debug|Any CPU.Build.0 = Debug|Any CPU
		{2B6FAECE-C341-4A87-9082-A0E2BE383AB6}.Release|Any CPU.ActiveCfg = Release|Any CPU
		{2B6FAECE-C341-4A87-9082-A0E2BE383AB6}.Release|Any CPU.Build.0 = Release|Any CPU
	EndGlobalSection
	GlobalSection(SolutionProperties) = preSolution
		HideSolutionNode = FALSE
	EndGlobalSection
	GlobalSection(ExtensibilityGlobals) = postSolution
		SolutionGuid = {DD792201-E31F-4178-ABFC-BC873F4BC513}
	EndGlobalSection
EndGlobal
